{
  "originHash" : "b813b3a1688838ed8449b90666f7d909ca61b626b7aef99a49750593fb579e41",
  "pins" : [
    {
      "identity" : "wwcachemanager",
      "kind" : "remoteSourceControl",
      "location" : "https://github.com/William-Weng/WWCacheManager",
      "state" : {
        "revision" : "f1cb47f9ecf8bd4c323432a1145f4b5628bb7bab",
        "version" : "1.1.0"
      }
    },
    {
      "identity" : "wwwebimage",
      "kind" : "remoteSourceControl",
      "location" : "https://github.com/William-Weng/WWWebImage",
      "state" : {
        "revision" : "f2d86b5cd1c9e223c428449cd9da2820988d5366",
        "version" : "1.0.2"
      }
    }
  ],
  "version" : 3
}
