{
  "object": {
    "pins": [
      {
        "package": "WWNetworking",
        "repositoryURL": "https://github.com/William-Weng/WWNetworking.git",
        "state": {
          "branch": null,
          "revision": "40a8ecee4d59f2755d7b7d8b2e092dfe4736f820",
          "version": "1.1.1"
        }
      },
      {
        "package": "WWPrint",
        "repositoryURL": "https://github.com/William-Weng/WWPrint.git",
        "state": {
          "branch": null,
          "revision": "e4ad2863717465f224aa676f10a3a7ff1df58f7c",
          "version": "1.0.0"
        }
      },
      {
        "package": "WWWebImage",
        "repositoryURL": "https://github.com/William-Weng/WWWebImage",
        "state": {
          "branch": null,
          "revision": "d4941861b5f31730da5934fb2e0ebba104dc8312",
          "version": "1.0.1"
        }
      }
    ]
  },
  "version": 1
}
